
Microsoft Visual Studio Solution File, Format Version 12.00
# Visual Studio Version 17
VisualStudioVersion = 17.11.35327.3
MinimumVisualStudioVersion = 10.0.40219.1
Project("{9A19103F-16F7-4668-BE54-9A1E7A4F7556}") = "MvcTodo", "MvcTodo\MvcTodo.csproj", "{38B99AAD-B6C6-46DA-903A-8E1A0271DB2C}"
EndProject
Project("{9A19103F-16F7-4668-BE54-9A1E7A4F7556}") = "MvcTodoTest", "MvcTodoTest\MvcTodoTest.csproj", "{0CE802FE-F69B-4610-BDF2-8B01E231B3C0}"
EndProject
Global
	GlobalSection(SolutionConfigurationPlatforms) = preSolution
		Debug|Any CPU = Debug|Any CPU
		Release|Any CPU = Release|Any CPU
	EndGlobalSection
	GlobalSection(ProjectConfigurationPlatforms) = postSolution
		{38B99AAD-B6C6-46DA-903A-8E1A0271DB2C}.Debug|Any CPU.ActiveCfg = Debug|Any CPU
		{38B99AAD-B6C6-46DA-903A-8E1A0271DB2C}.Debug|Any CPU.Build.0 = Debug|Any CPU
		{38B99AAD-B6C6-46DA-903A-8E1A0271DB2C}.Release|Any CPU.ActiveCfg = Release|Any CPU
		{38B99AAD-B6C6-46DA-903A-8E1A0271DB2C}.Release|Any CPU.Build.0 = Release|Any CPU
		{0CE802FE-F69B-4610-BDF2-8B01E231B3C0}.Debug|Any CPU.ActiveCfg = Debug|Any CPU
		{0CE802FE-F69B-4610-BDF2-8B01E231B3C0}.Debug|Any CPU.Build.0 = Debug|Any CPU
		{0CE802FE-F69B-4610-BDF2-8B01E231B3C0}.Release|Any CPU.ActiveCfg = Release|Any CPU
		{0CE802FE-F69B-4610-BDF2-8B01E231B3C0}.Release|Any CPU.Build.0 = Release|Any CPU
	EndGlobalSection
	GlobalSection(SolutionProperties) = preSolution
		HideSolutionNode = FALSE
	EndGlobalSection
	GlobalSection(ExtensibilityGlobals) = postSolution
		SolutionGuid = {42D37D5E-FA7E-4944-8F2A-0379647C57C2}
	EndGlobalSection
EndGlobal
